
Microsoft Visual Studio Solution File, Format Version 12.00
# Visual Studio 15
VisualStudioVersion = 15.0.27130.2024
MinimumVisualStudioVersion = 10.0.40219.1
Project("{FAE04EC0-301F-11D3-BF4B-00C04F79EFBC}") = "WindowsJobs", "WindowsJobs\WindowsJobs.csproj", "{86113FBA-EF37-4389-B219-79CBAD4B6811}"
EndProject
Project("{FAE04EC0-301F-11D3-BF4B-00C04F79EFBC}") = "VSIXProjectWJ", "VSIXProjectWJ\VSIXProjectWJ.csproj", "{C4C76EEC-AC6D-4520-8589-21D34D5F9812}"
EndProject
Global
	GlobalSection(SolutionConfigurationPlatforms) = preSolution
		Debug|Any CPU = Debug|Any CPU
		Release|Any CPU = Release|Any CPU
	EndGlobalSection
	GlobalSection(ProjectConfigurationPlatforms) = postSolution
		{86113FBA-EF37-4389-B219-79CBAD4B6811}.Debug|Any CPU.ActiveCfg = Debug|Any CPU
		{86113FBA-EF37-4389-B219-79CBAD4B6811}.Debug|Any CPU.Build.0 = Debug|Any CPU
		{86113FBA-EF37-4389-B219-79CBAD4B6811}.Release|Any CPU.ActiveCfg = Release|Any CPU
		{86113FBA-EF37-4389-B219-79CBAD4B6811}.Release|Any CPU.Build.0 = Release|Any CPU
		{C4C76EEC-AC6D-4520-8589-21D34D5F9812}.Debug|Any CPU.ActiveCfg = Debug|Any CPU
		{C4C76EEC-AC6D-4520-8589-21D34D5F9812}.Debug|Any CPU.Build.0 = Debug|Any CPU
		{C4C76EEC-AC6D-4520-8589-21D34D5F9812}.Release|Any CPU.ActiveCfg = Release|Any CPU
		{C4C76EEC-AC6D-4520-8589-21D34D5F9812}.Release|Any CPU.Build.0 = Release|Any CPU
	EndGlobalSection
	GlobalSection(SolutionProperties) = preSolution
		HideSolutionNode = FALSE
	EndGlobalSection
	GlobalSection(ExtensibilityGlobals) = postSolution
		SolutionGuid = {6677FE21-F21A-4F62-9218-748FB1E65E4E}
	EndGlobalSection
EndGlobal
